
Microsoft Visual Studio Solution File, Format Version 12.00
# Visual Studio Version 16
VisualStudioVersion = 16.0.30011.22
MinimumVisualStudioVersion = 10.0.40219.1
Project("{FAE04EC0-301F-11D3-BF4B-00C04F79EFBC}") = "FeldiNote.Api", "FeldiNote.Api\FeldiNote.Api.csproj", "{932471D0-1C24-43C1-984B-8C955F8EDD87}"
EndProject
Global
	GlobalSection(SolutionConfigurationPlatforms) = preSolution
		Debug|Any CPU = Debug|Any CPU
		Release|Any CPU = Release|Any CPU
	EndGlobalSection
	GlobalSection(ProjectConfigurationPlatforms) = postSolution
		{932471D0-1C24-43C1-984B-8C955F8EDD87}.Debug|Any CPU.ActiveCfg = Debug|Any CPU
		{932471D0-1C24-43C1-984B-8C955F8EDD87}.Debug|Any CPU.Build.0 = Debug|Any CPU
		{932471D0-1C24-43C1-984B-8C955F8EDD87}.Release|Any CPU.ActiveCfg = Release|Any CPU
		{932471D0-1C24-43C1-984B-8C955F8EDD87}.Release|Any CPU.Build.0 = Release|Any CPU
	EndGlobalSection
	GlobalSection(SolutionProperties) = preSolution
		HideSolutionNode = FALSE
	EndGlobalSection
	GlobalSection(ExtensibilityGlobals) = postSolution
		SolutionGuid = {DE56DF97-C9C2-4CD8-BA7E-0DC411817BB4}
	EndGlobalSection
EndGlobal
